
Microsoft Visual Studio Solution File, Format Version 12.00
# Visual Studio Version 17
VisualStudioVersion = 17.4.33213.308
MinimumVisualStudioVersion = 10.0.40219.1
Project("{9A19103F-16F7-4668-BE54-9A1E7A4F7556}") = "WpfKaKao", "WpfKaKao\WpfKaKao.csproj", "{5DAC1487-952B-4E3D-83C3-9369C7BA6E68}"
EndProject
Project("{FAE04EC0-301F-11D3-BF4B-00C04F79EFBC}") = "WpfLib", "WpfLib\WpfLib.csproj", "{6D801595-BD33-46CF-B6D7-4483BC4D4A8F}"
EndProject
Global
	GlobalSection(SolutionConfigurationPlatforms) = preSolution
		Debug|Any CPU = Debug|Any CPU
		Release|Any CPU = Release|Any CPU
	EndGlobalSection
	GlobalSection(ProjectConfigurationPlatforms) = postSolution
		{5DAC1487-952B-4E3D-83C3-9369C7BA6E68}.Debug|Any CPU.ActiveCfg = Debug|Any CPU
		{5DAC1487-952B-4E3D-83C3-9369C7BA6E68}.Debug|Any CPU.Build.0 = Debug|Any CPU
		{5DAC1487-952B-4E3D-83C3-9369C7BA6E68}.Release|Any CPU.ActiveCfg = Release|Any CPU
		{5DAC1487-952B-4E3D-83C3-9369C7BA6E68}.Release|Any CPU.Build.0 = Release|Any CPU
		{6D801595-BD33-46CF-B6D7-4483BC4D4A8F}.Debug|Any CPU.ActiveCfg = Debug|Any CPU
		{6D801595-BD33-46CF-B6D7-4483BC4D4A8F}.Debug|Any CPU.Build.0 = Debug|Any CPU
		{6D801595-BD33-46CF-B6D7-4483BC4D4A8F}.Release|Any CPU.ActiveCfg = Release|Any CPU
		{6D801595-BD33-46CF-B6D7-4483BC4D4A8F}.Release|Any CPU.Build.0 = Release|Any CPU
	EndGlobalSection
	GlobalSection(SolutionProperties) = preSolution
		HideSolutionNode = FALSE
	EndGlobalSection
	GlobalSection(ExtensibilityGlobals) = postSolution
		SolutionGuid = {582FE2F4-77FE-4B9A-955A-ACE7370A734D}
	EndGlobalSection
EndGlobal
